
Microsoft Visual Studio Solution File, Format Version 12.00
# Visual Studio 2013
VisualStudioVersion = 12.0.30723.0
MinimumVisualStudioVersion = 10.0.40219.1
Project("{FAE04EC0-301F-11D3-BF4B-00C04F79EFBC}") = "ConsoleApplication2", "ConsoleApplication2\ConsoleApplication2.csproj", "{C3B55314-F94C-4F4D-AE7C-7015B5844AED}"
EndProject
Project("{FAE04EC0-301F-11D3-BF4B-00C04F79EFBC}") = "Mirror.Tests", "Mirror.Tests\Mirror.Tests.csproj", "{25F3AC8D-3258-4657-9008-9A1E69D1CA40}"
EndProject
Global
	GlobalSection(SolutionConfigurationPlatforms) = preSolution
		Debug|Any CPU = Debug|Any CPU
		Release|Any CPU = Release|Any CPU
	EndGlobalSection
	GlobalSection(ProjectConfigurationPlatforms) = postSolution
		{C3B55314-F94C-4F4D-AE7C-7015B5844AED}.Debug|Any CPU.ActiveCfg = Debug|Any CPU
		{C3B55314-F94C-4F4D-AE7C-7015B5844AED}.Debug|Any CPU.Build.0 = Debug|Any CPU
		{C3B55314-F94C-4F4D-AE7C-7015B5844AED}.Release|Any CPU.ActiveCfg = Release|Any CPU
		{C3B55314-F94C-4F4D-AE7C-7015B5844AED}.Release|Any CPU.Build.0 = Release|Any CPU
		{25F3AC8D-3258-4657-9008-9A1E69D1CA40}.Debug|Any CPU.ActiveCfg = Debug|Any CPU
		{25F3AC8D-3258-4657-9008-9A1E69D1CA40}.Debug|Any CPU.Build.0 = Debug|Any CPU
		{25F3AC8D-3258-4657-9008-9A1E69D1CA40}.Release|Any CPU.ActiveCfg = Release|Any CPU
		{25F3AC8D-3258-4657-9008-9A1E69D1CA40}.Release|Any CPU.Build.0 = Release|Any CPU
	EndGlobalSection
	GlobalSection(SolutionProperties) = preSolution
		HideSolutionNode = FALSE
	EndGlobalSection
EndGlobal
